
Microsoft Visual Studio Solution File, Format Version 12.00
# Visual Studio Version 16
VisualStudioVersion = 16.0.34729.46
MinimumVisualStudioVersion = 10.0.40219.1
Project("{FAE04EC0-301F-11D3-BF4B-00C04F79EFBC}") = "ConexionCodeFirst", "ConexionCodeFirst\ConexionCodeFirst.csproj", "{37AAA18C-98CF-44AA-8F89-F217F0F079DB}"
EndProject
Global
	GlobalSection(SolutionConfigurationPlatforms) = preSolution
		Debug|Any CPU = Debug|Any CPU
		Release|Any CPU = Release|Any CPU
	EndGlobalSection
	GlobalSection(ProjectConfigurationPlatforms) = postSolution
		{37AAA18C-98CF-44AA-8F89-F217F0F079DB}.Debug|Any CPU.ActiveCfg = Debug|Any CPU
		{37AAA18C-98CF-44AA-8F89-F217F0F079DB}.Debug|Any CPU.Build.0 = Debug|Any CPU
		{37AAA18C-98CF-44AA-8F89-F217F0F079DB}.Release|Any CPU.ActiveCfg = Release|Any CPU
		{37AAA18C-98CF-44AA-8F89-F217F0F079DB}.Release|Any CPU.Build.0 = Release|Any CPU
	EndGlobalSection
	GlobalSection(SolutionProperties) = preSolution
		HideSolutionNode = FALSE
	EndGlobalSection
	GlobalSection(ExtensibilityGlobals) = postSolution
		SolutionGuid = {61CAAD86-E9AA-40E6-99E4-A4CAB582A7BC}
	EndGlobalSection
EndGlobal
